{
  "name": "pomodoro_timer",
  "version": "1.0.0",
  "lockfileVersion": 1,
  "requires": true,
  "dependencies": {
    "@babel/runtime": {
      "version": "7.15.4",
      "resolved": "https://registry.npmjs.org/@babel/runtime/-/runtime-7.15.4.tgz",
      "integrity": "sha512-99catp6bHCaxr4sJ/DbTGgHS4+Rs2RVd2g7iOap6SLGPDknRK9ztKNsE/Fg6QhSeh1FGE5f6gHGQmvvn3I3xhw==",
      "requires": {
        "regenerator-runtime": "^0.13.4"
      }
    },
    "fast-unique-numbers": {
      "version": "6.0.7",
      "resolved": "https://registry.npmjs.org/fast-unique-numbers/-/fast-unique-numbers-6.0.7.tgz",
      "integrity": "sha512-hZRTy4/4M/oc8quHXpd03voJfEv6+uNBV+qK2aBIjIMbqLQgwhznFJHtt3uS62u3ZhxzvshAM8kmnJBKTZZwFw==",
      "requires": {
        "@babel/runtime": "^7.15.4",
        "tslib": "^2.3.1"
      }
    },
    "regenerator-runtime": {
      "version": "0.13.9",
      "resolved": "https://registry.npmjs.org/regenerator-runtime/-/regenerator-runtime-0.13.9.tgz",
      "integrity": "sha512-p3VT+cOEgxFsRRA9X4lkI1E+k2/CtnKtU4gcxyaCUreilL/vqI6CdZ3wxVUx3UOUg+gnUOQQcRI7BmSI656MYA=="
    },
    "tslib": {
      "version": "2.3.1",
      "resolved": "https://registry.npmjs.org/tslib/-/tslib-2.3.1.tgz",
      "integrity": "sha512-77EbyPPpMz+FRFRuAFlWMtmgUWGe9UOG2Z25NqCwiIjRhOf5iKGuzSe5P2w1laq+FkRy4p+PCuVkJSGkzTEKVw=="
    },
    "typescript": {
      "version": "4.4.4",
      "resolved": "https://registry.npmjs.org/typescript/-/typescript-4.4.4.tgz",
      "integrity": "sha512-DqGhF5IKoBl8WNf8C1gu8q0xZSInh9j1kJJMqT3a94w1JzVaBU4EXOSMrz9yDqMT0xt3selp83fuFMQ0uzv6qA==",
      "dev": true
    },
    "worker-timers": {
      "version": "7.0.40",
      "resolved": "https://registry.npmjs.org/worker-timers/-/worker-timers-7.0.40.tgz",
      "integrity": "sha512-UKJfiUBe6hRdgeBvNQge5iiWR6Rfxv0smeZNhlRS8ZD12aXToJzsgmnVsUoaK/QgEM/+hiOH1AXBVmBnxWNI7A==",
      "requires": {
        "@babel/runtime": "^7.15.4",
        "tslib": "^2.3.1",
        "worker-timers-broker": "^6.0.61",
        "worker-timers-worker": "^7.0.28"
      }
    },
    "worker-timers-broker": {
      "version": "6.0.61",
      "resolved": "https://registry.npmjs.org/worker-timers-broker/-/worker-timers-broker-6.0.61.tgz",
      "integrity": "sha512-ziKh8kkaQPBq3qceL4M6qEHlI4ZRnDMYSu1HJcF8RXeEL9tG/LFy8f9oovEVhZAQHlXRmBfDC4SIAWM3QZRYiw==",
      "requires": {
        "@babel/runtime": "^7.15.4",
        "fast-unique-numbers": "^6.0.7",
        "tslib": "^2.3.1",
        "worker-timers-worker": "^7.0.28"
      }
    },
    "worker-timers-worker": {
      "version": "7.0.28",
      "resolved": "https://registry.npmjs.org/worker-timers-worker/-/worker-timers-worker-7.0.28.tgz",
      "integrity": "sha512-O+TIW+Gyi7dzjtVutC6JZSJMZt0Z75pbyB3zstIZVhZAU5rVChZ4ZvxGx76uT0chg25ExBypObvo3yQcbu50tA==",
      "requires": {
        "@babel/runtime": "^7.15.4",
        "tslib": "^2.3.1"
      }
    }
  }
}
